lockfileVersion: '6.0'

settings:
  autoInstallPeers: true
  excludeLinksFromLockfile: false

dependencies:
  '@element-plus/icons-vue':
    specifier: ^2.1.0
    version: 2.1.0(vue@3.3.0)
  '@wangeditor/editor':
    specifier: ^5.1.23
    version: 5.1.23
  '@wangeditor/editor-for-vue':
    specifier: ^5.1.12
    version: 5.1.12(@wangeditor/editor@5.1.23)(vue@3.3.0)
  axios:
    specifier: ^1.5.0
    version: 1.5.0
  element-plus:
    specifier: ^2.3.7
    version: 2.3.7(vue@3.3.0)
  pinia:
    specifier: ^2.1.4
    version: 2.1.4(vue@3.3.0)
  pinia-plugin-persistedstate:
    specifier: ^3.2.0
    version: 3.2.0(pinia@2.1.4)
  vue:
    specifier: ^3.3.0
    version: 3.3.0
  vue-router:
    specifier: '4'
    version: 4.2.2(vue@3.3.0)

devDependencies:
  '@vitejs/plugin-vue':
    specifier: ^4.1.0
    version: 4.1.0(vite@4.3.9)(vue@3.3.0)
  path:
    specifier: ^0.12.7
    version: 0.12.7
  vite:
    specifier: ^4.3.9
    version: 4.3.9

packages:

  /@babel/helper-string-parser@7.22.5:
    resolution: {integrity: sha512-mM4COjgZox8U+JcXQwPijIZLElkgEpO5rsERVDJTc2qfCDfERyob6k5WegS14SX18IIjv+XD+GrqNumY5JRCDw==}
    engines: {node: '>=6.9.0'}

  /@babel/helper-validator-identifier@7.22.5:
    resolution: {integrity: sha512-aJXu+6lErq8ltp+JhkJUfk1MTGyuA4v7f3pA+BJ5HLfNC6nAQ0Cpi9uOquUj8Hehg0aUiHzWQbOVJGao6ztBAQ==}
    engines: {node: '>=6.9.0'}

  /@babel/parser@7.22.5:
    resolution: {integrity: sha512-DFZMC9LJUG9PLOclRC32G63UXwzqS2koQC8dkx+PLdmt1xSePYpbT/NbsrJy8Q/muXz7o/h/d4A7Fuyixm559Q==}
    engines: {node: '>=6.0.0'}
    hasBin: true
    dependencies:
      '@babel/types': 7.22.5

  /@babel/runtime@7.22.6:
    resolution: {integrity: sha512-wDb5pWm4WDdF6LFUde3Jl8WzPA+3ZbxYqkC6xAXuD3irdEHN1k0NfTRrJD8ZD378SJ61miMLCqIOXYhd8x+AJQ==}
    engines: {node: '>=6.9.0'}
    dependencies:
      regenerator-runtime: 0.13.11
    dev: false

  /@babel/types@7.22.5:
    resolution: {integrity: sha512-zo3MIHGOkPOfoRXitsgHLjEXmlDaD/5KU1Uzuc9GNiZPhSqVxVRtxuPaSBZDsYZ9qV88AjtMtWW7ww98loJ9KA==}
    engines: {node: '>=6.9.0'}
    dependencies:
      '@babel/helper-string-parser': 7.22.5
      '@babel/helper-validator-identifier': 7.22.5
      to-fast-properties: 2.0.0

  /@ctrl/tinycolor@3.6.0:
    resolution: {integrity: sha512-/Z3l6pXthq0JvMYdUFyX9j0MaCltlIn6mfh9jLyQwg5aPKxkyNa0PTHtU1AlFXLNk55ZuAeJRcpvq+tmLfKmaQ==}
    engines: {node: '>=10'}
    dev: false

  /@element-plus/icons-vue@2.1.0(vue@3.3.0):
    resolution: {integrity: sha512-PSBn3elNoanENc1vnCfh+3WA9fimRC7n+fWkf3rE5jvv+aBohNHABC/KAR5KWPecxWxDTVT1ERpRbOMRcOV/vA==}
    peerDependencies:
      vue: ^3.2.0
    dependencies:
      vue: 3.3.0
    dev: false

  /@esbuild/android-arm64@0.17.19:
    resolution: {integrity: sha512-KBMWvEZooR7+kzY0BtbTQn0OAYY7CsiydT63pVEaPtVYF0hXbUaOyZog37DKxK7NF3XacBJOpYT4adIJh+avxA==}
    engines: {node: '>=12'}
    cpu: [arm64]
    os: [android]
    requiresBuild: true
    dev: true
    optional: true

  /@esbuild/android-arm@0.17.19:
    resolution: {integrity: sha512-rIKddzqhmav7MSmoFCmDIb6e2W57geRsM94gV2l38fzhXMwq7hZoClug9USI2pFRGL06f4IOPHHpFNOkWieR8A==}
    engines: {node: '>=12'}
    cpu: [arm]
    os: [android]
    requiresBuild: true
    dev: true
    optional: true

  /@esbuild/android-x64@0.17.19:
    resolution: {integrity: sha512-uUTTc4xGNDT7YSArp/zbtmbhO0uEEK9/ETW29Wk1thYUJBz3IVnvgEiEwEa9IeLyvnpKrWK64Utw2bgUmDveww==}
    engines: {node: '>=12'}
    cpu: [x64]
    os: [android]
    requiresBuild: true
    dev: true
    optional: true

  /@esbuild/darwin-arm64@0.17.19:
    resolution: {integrity: sha512-80wEoCfF/hFKM6WE1FyBHc9SfUblloAWx6FJkFWTWiCoht9Mc0ARGEM47e67W9rI09YoUxJL68WHfDRYEAvOhg==}
    engines: {node: '>=12'}
    cpu: [arm64]
    os: [darwin]
    requiresBuild: true
    dev: true
    optional: true

  /@esbuild/darwin-x64@0.17.19:
    resolution: {integrity: sha512-IJM4JJsLhRYr9xdtLytPLSH9k/oxR3boaUIYiHkAawtwNOXKE8KoU8tMvryogdcT8AU+Bflmh81Xn6Q0vTZbQw==}
    engines: {node: '>=12'}
    cpu: [x64]
    os: [darwin]
    requiresBuild: true
    dev: true
    optional: true

  /@esbuild/freebsd-arm64@0.17.19:
    resolution: {integrity: sha512-pBwbc7DufluUeGdjSU5Si+P3SoMF5DQ/F/UmTSb8HXO80ZEAJmrykPyzo1IfNbAoaqw48YRpv8shwd1NoI0jcQ==}
    engines: {node: '>=12'}
    cpu: [arm64]
    os: [freebsd]
    requiresBuild: true
    dev: true
    optional: true

  /@esbuild/freebsd-x64@0.17.19:
    resolution: {integrity: sha512-4lu+n8Wk0XlajEhbEffdy2xy53dpR06SlzvhGByyg36qJw6Kpfk7cp45DR/62aPH9mtJRmIyrXAS5UWBrJT6TQ==}
    engines: {node: '>=12'}
    cpu: [x64]
    os: [freebsd]
    requiresBuild: true
    dev: true
    optional: true

  /@esbuild/linux-arm64@0.17.19:
    resolution: {integrity: sha512-ct1Tg3WGwd3P+oZYqic+YZF4snNl2bsnMKRkb3ozHmnM0dGWuxcPTTntAF6bOP0Sp4x0PjSF+4uHQ1xvxfRKqg==}
    engines: {node: '>=12'}
    cpu: [arm64]
    os: [linux]
    requiresBuild: true
    dev: true
    optional: true

  /@esbuild/linux-arm@0.17.19:
    resolution: {integrity: sha512-cdmT3KxjlOQ/gZ2cjfrQOtmhG4HJs6hhvm3mWSRDPtZ/lP5oe8FWceS10JaSJC13GBd4eH/haHnqf7hhGNLerA==}
    engines: {node: '>=12'}
    cpu: [arm]
    os: [linux]
    requiresBuild: true
    dev: true
    optional: true

  /@esbuild/linux-ia32@0.17.19:
    resolution: {integrity: sha512-w4IRhSy1VbsNxHRQpeGCHEmibqdTUx61Vc38APcsRbuVgK0OPEnQ0YD39Brymn96mOx48Y2laBQGqgZ0j9w6SQ==}
    engines: {node: '>=12'}
    cpu: [ia32]
    os: [linux]
    requiresBuild: true
    dev: true
    optional: true

  /@esbuild/linux-loong64@0.17.19:
    resolution: {integrity: sha512-2iAngUbBPMq439a+z//gE+9WBldoMp1s5GWsUSgqHLzLJ9WoZLZhpwWuym0u0u/4XmZ3gpHmzV84PonE+9IIdQ==}
    engines: {node: '>=12'}
    cpu: [loong64]
    os: [linux]
    requiresBuild: true
    dev: true
    optional: true

  /@esbuild/linux-mips64el@0.17.19:
    resolution: {integrity: sha512-LKJltc4LVdMKHsrFe4MGNPp0hqDFA1Wpt3jE1gEyM3nKUvOiO//9PheZZHfYRfYl6AwdTH4aTcXSqBerX0ml4A==}
    engines: {node: '>=12'}
    cpu: [mips64el]
    os: [linux]
    requiresBuild: true
    dev: true
    optional: true

  /@esbuild/linux-ppc64@0.17.19:
    resolution: {integrity: sha512-/c/DGybs95WXNS8y3Ti/ytqETiW7EU44MEKuCAcpPto3YjQbyK3IQVKfF6nbghD7EcLUGl0NbiL5Rt5DMhn5tg==}
    engines: {node: '>=12'}
    cpu: [ppc64]
    os: [linux]
    requiresBuild: true
    dev: true
    optional: true

  /@esbuild/linux-riscv64@0.17.19:
    resolution: {integrity: sha512-FC3nUAWhvFoutlhAkgHf8f5HwFWUL6bYdvLc/TTuxKlvLi3+pPzdZiFKSWz/PF30TB1K19SuCxDTI5KcqASJqA==}
    engines: {node: '>=12'}
    cpu: [riscv64]
    os: [linux]
    requiresBuild: true
    dev: true
    optional: true

  /@esbuild/linux-s390x@0.17.19:
    resolution: {integrity: sha512-IbFsFbxMWLuKEbH+7sTkKzL6NJmG2vRyy6K7JJo55w+8xDk7RElYn6xvXtDW8HCfoKBFK69f3pgBJSUSQPr+4Q==}
    engines: {node: '>=12'}
    cpu: [s390x]
    os: [linux]
    requiresBuild: true
    dev: true
    optional: true

  /@esbuild/linux-x64@0.17.19:
    resolution: {integrity: sha512-68ngA9lg2H6zkZcyp22tsVt38mlhWde8l3eJLWkyLrp4HwMUr3c1s/M2t7+kHIhvMjglIBrFpncX1SzMckomGw==}
    engines: {node: '>=12'}
    cpu: [x64]
    os: [linux]
    requiresBuild: true
    dev: true
    optional: true

  /@esbuild/netbsd-x64@0.17.19:
    resolution: {integrity: sha512-CwFq42rXCR8TYIjIfpXCbRX0rp1jo6cPIUPSaWwzbVI4aOfX96OXY8M6KNmtPcg7QjYeDmN+DD0Wp3LaBOLf4Q==}
    engines: {node: '>=12'}
    cpu: [x64]
    os: [netbsd]
    requiresBuild: true
    dev: true
    optional: true

  /@esbuild/openbsd-x64@0.17.19:
    resolution: {integrity: sha512-cnq5brJYrSZ2CF6c35eCmviIN3k3RczmHz8eYaVlNasVqsNY+JKohZU5MKmaOI+KkllCdzOKKdPs762VCPC20g==}
    engines: {node: '>=12'}
    cpu: [x64]
    os: [openbsd]
    requiresBuild: true
    dev: true
    optional: true

  /@esbuild/sunos-x64@0.17.19:
    resolution: {integrity: sha512-vCRT7yP3zX+bKWFeP/zdS6SqdWB8OIpaRq/mbXQxTGHnIxspRtigpkUcDMlSCOejlHowLqII7K2JKevwyRP2rg==}
    engines: {node: '>=12'}
    cpu: [x64]
    os: [sunos]
    requiresBuild: true
    dev: true
    optional: true

  /@esbuild/win32-arm64@0.17.19:
    resolution: {integrity: sha512-yYx+8jwowUstVdorcMdNlzklLYhPxjniHWFKgRqH7IFlUEa0Umu3KuYplf1HUZZ422e3NU9F4LGb+4O0Kdcaag==}
    engines: {node: '>=12'}
    cpu: [arm64]
    os: [win32]
    requiresBuild: true
    dev: true
    optional: true

  /@esbuild/win32-ia32@0.17.19:
    resolution: {integrity: sha512-eggDKanJszUtCdlVs0RB+h35wNlb5v4TWEkq4vZcmVt5u/HiDZrTXe2bWFQUez3RgNHwx/x4sk5++4NSSicKkw==}
    engines: {node: '>=12'}
    cpu: [ia32]
    os: [win32]
    requiresBuild: true
    dev: true
    optional: true

  /@esbuild/win32-x64@0.17.19:
    resolution: {integrity: sha512-lAhycmKnVOuRYNtRtatQR1LPQf2oYCkRGkSFnseDAKPl8lu5SOsK/e1sXe5a0Pc5kHIHe6P2I/ilntNv2xf3cA==}
    engines: {node: '>=12'}
    cpu: [x64]
    os: [win32]
    requiresBuild: true
    dev: true
    optional: true

  /@floating-ui/core@1.3.1:
    resolution: {integrity: sha512-Bu+AMaXNjrpjh41znzHqaz3r2Nr8hHuHZT6V2LBKMhyMl0FgKA62PNYbqnfgmzOhoWZj70Zecisbo4H1rotP5g==}
    dev: false

  /@floating-ui/dom@1.4.3:
    resolution: {integrity: sha512-nB/68NyaQlcdY22L+Fgd1HERQ7UGv7XFN+tPxwrEfQL4nKtAP/jIZnZtpUlXbtV+VEGHh6W/63Gy2C5biWI3sA==}
    dependencies:
      '@floating-ui/core': 1.3.1
    dev: false

  /@jridgewell/sourcemap-codec@1.4.15:
    resolution: {integrity: sha512-eF2rxCRulEKXHTRiDrDy6erMYWqNw4LPdQ8UQA4huuxaQsVeRPFl2oM8oDGxMFhJUWZf9McpLtJasDDZb/Bpeg==}

  /@sxzz/popperjs-es@2.11.7:
    resolution: {integrity: sha512-Ccy0NlLkzr0Ex2FKvh2X+OyERHXJ88XJ1MXtsI9y9fGexlaXaVTPzBCRBwIxFkORuOb+uBqeu+RqnpgYTEZRUQ==}
    dev: false

  /@transloadit/prettier-bytes@0.0.7:
    resolution: {integrity: sha512-VeJbUb0wEKbcwaSlj5n+LscBl9IPgLPkHVGBkh00cztv6X4L/TJXK58LzFuBKX7/GAfiGhIwH67YTLTlzvIzBA==}
    dev: false

  /@types/event-emitter@0.3.3:
    resolution: {integrity: sha512-UfnOK1pIxO7P+EgPRZXD9jMpimd8QEFcEZ5R67R1UhGbv4zghU5+NE7U8M8G9H5Jc8FI51rqDWQs6FtUfq2e/Q==}
    dev: false

  /@types/lodash-es@4.17.7:
    resolution: {integrity: sha512-z0ptr6UI10VlU6l5MYhGwS4mC8DZyYer2mCoyysZtSF7p26zOX8UpbrV0YpNYLGS8K4PUFIyEr62IMFFjveSiQ==}
    dependencies:
      '@types/lodash': 4.14.195
    dev: false

  /@types/lodash@4.14.195:
    resolution: {integrity: sha512-Hwx9EUgdwf2GLarOjQp5ZH8ZmblzcbTBC2wtQWNKARBSxM9ezRIAUpeDTgoQRAFB0+8CNWXVA9+MaSOzOF3nPg==}
    dev: false

  /@types/web-bluetooth@0.0.16:
    resolution: {integrity: sha512-oh8q2Zc32S6gd/j50GowEjKLoOVOwHP/bWVjKJInBwQqdOYMdPrf1oVlelTlyfFK3CKxL1uahMDAr+vy8T7yMQ==}
    dev: false

  /@uppy/companion-client@2.2.2:
    resolution: {integrity: sha512-5mTp2iq97/mYSisMaBtFRry6PTgZA6SIL7LePteOV5x0/DxKfrZW3DEiQERJmYpHzy7k8johpm2gHnEKto56Og==}
    dependencies:
      '@uppy/utils': 4.1.3
      namespace-emitter: 2.0.1
    dev: false

  /@uppy/core@2.3.4:
    resolution: {integrity: sha512-iWAqppC8FD8mMVqewavCz+TNaet6HPXitmGXpGGREGrakZ4FeuWytVdrelydzTdXx6vVKkOmI2FLztGg73sENQ==}
    dependencies:
      '@transloadit/prettier-bytes': 0.0.7
      '@uppy/store-default': 2.1.1
      '@uppy/utils': 4.1.3
      lodash.throttle: 4.1.1
      mime-match: 1.0.2
      namespace-emitter: 2.0.1
      nanoid: 3.3.6
      preact: 10.16.0
    dev: false

  /@uppy/store-default@2.1.1:
    resolution: {integrity: sha512-xnpTxvot2SeAwGwbvmJ899ASk5tYXhmZzD/aCFsXePh/v8rNvR2pKlcQUH7cF/y4baUGq3FHO/daKCok/mpKqQ==}
    dev: false

  /@uppy/utils@4.1.3:
    resolution: {integrity: sha512-nTuMvwWYobnJcytDO3t+D6IkVq/Qs4Xv3vyoEZ+Iaf8gegZP+rEyoaFT2CK5XLRMienPyqRqNbIfRuFaOWSIFw==}
    dependencies:
      lodash.throttle: 4.1.1
    dev: false

  /@uppy/xhr-upload@2.1.3(@uppy/core@2.3.4):
    resolution: {integrity: sha512-YWOQ6myBVPs+mhNjfdWsQyMRWUlrDLMoaG7nvf/G6Y3GKZf8AyjFDjvvJ49XWQ+DaZOftGkHmF1uh/DBeGivJQ==}
    peerDependencies:
      '@uppy/core': ^2.3.3
    dependencies:
      '@uppy/companion-client': 2.2.2
      '@uppy/core': 2.3.4
      '@uppy/utils': 4.1.3
      nanoid: 3.3.6
    dev: false

  /@vitejs/plugin-vue@4.1.0(vite@4.3.9)(vue@3.3.0):
    resolution: {integrity: sha512-++9JOAFdcXI3lyer9UKUV4rfoQ3T1RN8yDqoCLar86s0xQct5yblxAE+yWgRnU5/0FOlVCpTZpYSBV/bGWrSrQ==}
    engines: {node: ^14.18.0 || >=16.0.0}
    peerDependencies:
      vite: ^4.0.0
      vue: ^3.2.25
    dependencies:
      vite: 4.3.9
      vue: 3.3.0
    dev: true

  /@vue/compiler-core@3.3.0:
    resolution: {integrity: sha512-iYvUFe9/tIXNI1FyDCQYhkwJI5M9htqeCGfdZ2LiR+ZqVQE6KAH2+qUPdXixjMPUL36LdpVIBTNhxstx5RRhEw==}
    dependencies:
      '@babel/parser': 7.22.5
      '@vue/shared': 3.3.0
      estree-walker: 2.0.2
      source-map-js: 1.0.2

  /@vue/compiler-dom@3.3.0:
    resolution: {integrity: sha512-oxWgWpY+2FOQMZxdXgVaslu7z/KSmk9pO90MrYdxfiOW3/0HkqR6nuDjukiwaz5rN/kUioNXBfAkDcNwIr1JOA==}
    dependencies:
      '@vue/compiler-core': 3.3.0
      '@vue/shared': 3.3.0

  /@vue/compiler-sfc@3.3.0:
    resolution: {integrity: sha512-g8j35REOBMN0oRnJ4eEO3RMLj8ebEehQk6JkH6Q9df+M1Sb8eLeX0Zb7GBBPrrjfmyKzGvp/TE3fyOLUq/H5ow==}
    dependencies:
      '@babel/parser': 7.22.5
      '@vue/compiler-core': 3.3.0
      '@vue/compiler-dom': 3.3.0
      '@vue/compiler-ssr': 3.3.0
      '@vue/reactivity-transform': 3.3.0
      '@vue/shared': 3.3.0
      estree-walker: 2.0.2
      magic-string: 0.30.0
      postcss: 8.4.24
      source-map-js: 1.0.2

  /@vue/compiler-ssr@3.3.0:
    resolution: {integrity: sha512-G39cqKLtSvlHM4L+P7vav9mh+ruks156VsXtzKya/FLMAWkSco6ye4SdaD6vJHMbtCypTOkMU7R6NMrCr19vpg==}
    dependencies:
      '@vue/compiler-dom': 3.3.0
      '@vue/shared': 3.3.0

  /@vue/devtools-api@6.5.0:
    resolution: {integrity: sha512-o9KfBeaBmCKl10usN4crU53fYtC1r7jJwdGKjPT24t348rHxgfpZ0xL3Xm/gLUYnc0oTp8LAmrxOeLyu6tbk2Q==}
    dev: false

  /@vue/reactivity-transform@3.3.0:
    resolution: {integrity: sha512-Pli2ClOXOEMG2AExCfUwiPQQo7U7zcRlnZLb6FI9ns/nEiQ9KLJJYD3wAuJHSx0VXLhACaINd/1VbMeKfa8GhQ==}
    dependencies:
      '@babel/parser': 7.22.5
      '@vue/compiler-core': 3.3.0
      '@vue/shared': 3.3.0
      estree-walker: 2.0.2
      magic-string: 0.30.0

  /@vue/reactivity@3.3.0:
    resolution: {integrity: sha512-CyVK/UDaGVK9ARd6HDh+RnvSY65rItjkNvxz7yTcbsGole6KaywdLIzLhWeaO5y7LnYE4MNGxzwZxmsnd+gNmQ==}
    dependencies:
      '@vue/shared': 3.3.0

  /@vue/runtime-core@3.3.0:
    resolution: {integrity: sha512-PJ6EYidRqsG0p0kijogSjA9dmJk6AhGGX387UWjbk2Y1z7t9VI0vTMLwBXf7H7QkKSAufiPRMET7qmexcOae1g==}
    dependencies:
      '@vue/reactivity': 3.3.0
      '@vue/shared': 3.3.0

  /@vue/runtime-dom@3.3.0:
    resolution: {integrity: sha512-e2VwfvU6xk/BdXpFvh1UXo4mcOrKCAkPrCy/vFas9GkkYzW3nx3uJ7Jm2Zl08dRoCMP7Oy9FegT9JkJ5kU8C+g==}
    dependencies:
      '@vue/runtime-core': 3.3.0
      '@vue/shared': 3.3.0
      csstype: 3.1.2

  /@vue/server-renderer@3.3.0(vue@3.3.0):
    resolution: {integrity: sha512-U8coTPJMym4U6kJ2sDQuO5BmYjfIn26f66rtCk+cS1hoSxOtxFtUJuFXAOTIHvFWeelk4qeh9Ub5ZbfVRCHQBg==}
    peerDependencies:
      vue: 3.3.0
    dependencies:
      '@vue/compiler-ssr': 3.3.0
      '@vue/shared': 3.3.0
      vue: 3.3.0

  /@vue/shared@3.3.0:
    resolution: {integrity: sha512-U4LUNs+xkcncuiWSyYlZJPl4l8zAKs67OuLM2L91QsaYZAEylj41pGHaLPHkO0ULGTpxTMETEBXkn6QFP9/X+Q==}

  /@vueuse/core@9.13.0(vue@3.3.0):
    resolution: {integrity: sha512-pujnclbeHWxxPRqXWmdkKV5OX4Wk4YeK7wusHqRwU0Q7EFusHoqNA/aPhB6KCh9hEqJkLAJo7bb0Lh9b+OIVzw==}
    dependencies:
      '@types/web-bluetooth': 0.0.16
      '@vueuse/metadata': 9.13.0
      '@vueuse/shared': 9.13.0(vue@3.3.0)
      vue-demi: 0.14.5(vue@3.3.0)
    transitivePeerDependencies:
      - '@vue/composition-api'
      - vue
    dev: false

  /@vueuse/metadata@9.13.0:
    resolution: {integrity: sha512-gdU7TKNAUVlXXLbaF+ZCfte8BjRJQWPCa2J55+7/h+yDtzw3vOoGQDRXzI6pyKyo6bXFT5/QoPE4hAknExjRLQ==}
    dev: false

  /@vueuse/shared@9.13.0(vue@3.3.0):
    resolution: {integrity: sha512-UrnhU+Cnufu4S6JLCPZnkWh0WwZGUp72ktOF2DFptMlOs3TOdVv8xJN53zhHGARmVOsz5KqOls09+J1NR6sBKw==}
    dependencies:
      vue-demi: 0.14.5(vue@3.3.0)
    transitivePeerDependencies:
      - '@vue/composition-api'
      - vue
    dev: false

  /@wangeditor/basic-modules@1.1.7(@wangeditor/core@1.1.19)(dom7@3.0.0)(lodash.throttle@4.1.1)(nanoid@3.3.6)(slate@0.72.8)(snabbdom@3.5.1):
    resolution: {integrity: sha512-cY9CPkLJaqF05STqfpZKWG4LpxTMeGSIIF1fHvfm/mz+JXatCagjdkbxdikOuKYlxDdeqvOeBmsUBItufDLXZg==}
    peerDependencies:
      '@wangeditor/core': 1.x
      dom7: ^3.0.0
      lodash.throttle: ^4.1.1
      nanoid: ^3.2.0
      slate: ^0.72.0
      snabbdom: ^3.1.0
    dependencies:
      '@wangeditor/core': 1.1.19(@uppy/core@2.3.4)(@uppy/xhr-upload@2.1.3)(dom7@3.0.0)(is-hotkey@0.2.0)(lodash.camelcase@4.3.0)(lodash.clonedeep@4.5.0)(lodash.debounce@4.0.8)(lodash.foreach@4.5.0)(lodash.isequal@4.5.0)(lodash.throttle@4.1.1)(lodash.toarray@4.4.0)(nanoid@3.3.6)(slate@0.72.8)(snabbdom@3.5.1)
      dom7: 3.0.0
      is-url: 1.2.4
      lodash.throttle: 4.1.1
      nanoid: 3.3.6
      slate: 0.72.8
      snabbdom: 3.5.1
    dev: false

  /@wangeditor/code-highlight@1.0.3(@wangeditor/core@1.1.19)(dom7@3.0.0)(slate@0.72.8)(snabbdom@3.5.1):
    resolution: {integrity: sha512-iazHwO14XpCuIWJNTQTikqUhGKyqj+dUNWJ9288Oym9M2xMVHvnsOmDU2sgUDWVy+pOLojReMPgXCsvvNlOOhw==}
    peerDependencies:
      '@wangeditor/core': 1.x
      dom7: ^3.0.0
      slate: ^0.72.0
      snabbdom: ^3.1.0
    dependencies:
      '@wangeditor/core': 1.1.19(@uppy/core@2.3.4)(@uppy/xhr-upload@2.1.3)(dom7@3.0.0)(is-hotkey@0.2.0)(lodash.camelcase@4.3.0)(lodash.clonedeep@4.5.0)(lodash.debounce@4.0.8)(lodash.foreach@4.5.0)(lodash.isequal@4.5.0)(lodash.throttle@4.1.1)(lodash.toarray@4.4.0)(nanoid@3.3.6)(slate@0.72.8)(snabbdom@3.5.1)
      dom7: 3.0.0
      prismjs: 1.29.0
      slate: 0.72.8
      snabbdom: 3.5.1
    dev: false

  /@wangeditor/core@1.1.19(@uppy/core@2.3.4)(@uppy/xhr-upload@2.1.3)(dom7@3.0.0)(is-hotkey@0.2.0)(lodash.camelcase@4.3.0)(lodash.clonedeep@4.5.0)(lodash.debounce@4.0.8)(lodash.foreach@4.5.0)(lodash.isequal@4.5.0)(lodash.throttle@4.1.1)(lodash.toarray@4.4.0)(nanoid@3.3.6)(slate@0.72.8)(snabbdom@3.5.1):
    resolution: {integrity: sha512-KevkB47+7GhVszyYF2pKGKtCSj/YzmClsD03C3zTt+9SR2XWT5T0e3yQqg8baZpcMvkjs1D8Dv4fk8ok/UaS2Q==}
    peerDependencies:
      '@uppy/core': ^2.1.1
      '@uppy/xhr-upload': ^2.0.3
      dom7: ^3.0.0
      is-hotkey: ^0.2.0
      lodash.camelcase: ^4.3.0
      lodash.clonedeep: ^4.5.0
      lodash.debounce: ^4.0.8
      lodash.foreach: ^4.5.0
      lodash.isequal: ^4.5.0
      lodash.throttle: ^4.1.1
      lodash.toarray: ^4.4.0
      nanoid: ^3.2.0
      slate: ^0.72.0
      snabbdom: ^3.1.0
    dependencies:
      '@types/event-emitter': 0.3.3
      '@uppy/core': 2.3.4
      '@uppy/xhr-upload': 2.1.3(@uppy/core@2.3.4)
      dom7: 3.0.0
      event-emitter: 0.3.5
      html-void-elements: 2.0.1
      i18next: 20.6.1
      is-hotkey: 0.2.0
      lodash.camelcase: 4.3.0
      lodash.clonedeep: 4.5.0
      lodash.debounce: 4.0.8
      lodash.foreach: 4.5.0
      lodash.isequal: 4.5.0
      lodash.throttle: 4.1.1
      lodash.toarray: 4.4.0
      nanoid: 3.3.6
      scroll-into-view-if-needed: 2.2.31
      slate: 0.72.8
      slate-history: 0.66.0(slate@0.72.8)
      snabbdom: 3.5.1
    dev: false

  /@wangeditor/editor-for-vue@5.1.12(@wangeditor/editor@5.1.23)(vue@3.3.0):
    resolution: {integrity: sha512-0Ds3D8I+xnpNWezAeO7HmPRgTfUxHLMd9JKcIw+QzvSmhC5xUHbpCcLU+KLmeBKTR/zffnS5GQo6qi3GhTMJWQ==}
    peerDependencies:
      '@wangeditor/editor': '>=5.1.0'
      vue: ^3.0.5
    dependencies:
      '@wangeditor/editor': 5.1.23
      vue: 3.3.0
    dev: false

  /@wangeditor/editor@5.1.23:
    resolution: {integrity: sha512-0RxfeVTuK1tktUaPROnCoFfaHVJpRAIE2zdS0mpP+vq1axVQpLjM8+fCvKzqYIkH0Pg+C+44hJpe3VVroSkEuQ==}
    dependencies:
      '@uppy/core': 2.3.4
      '@uppy/xhr-upload': 2.1.3(@uppy/core@2.3.4)
      '@wangeditor/basic-modules': 1.1.7(@wangeditor/core@1.1.19)(dom7@3.0.0)(lodash.throttle@4.1.1)(nanoid@3.3.6)(slate@0.72.8)(snabbdom@3.5.1)
      '@wangeditor/code-highlight': 1.0.3(@wangeditor/core@1.1.19)(dom7@3.0.0)(slate@0.72.8)(snabbdom@3.5.1)
      '@wangeditor/core': 1.1.19(@uppy/core@2.3.4)(@uppy/xhr-upload@2.1.3)(dom7@3.0.0)(is-hotkey@0.2.0)(lodash.camelcase@4.3.0)(lodash.clonedeep@4.5.0)(lodash.debounce@4.0.8)(lodash.foreach@4.5.0)(lodash.isequal@4.5.0)(lodash.throttle@4.1.1)(lodash.toarray@4.4.0)(nanoid@3.3.6)(slate@0.72.8)(snabbdom@3.5.1)
      '@wangeditor/list-module': 1.0.5(@wangeditor/core@1.1.19)(dom7@3.0.0)(slate@0.72.8)(snabbdom@3.5.1)
      '@wangeditor/table-module': 1.1.4(@wangeditor/core@1.1.19)(dom7@3.0.0)(lodash.isequal@4.5.0)(lodash.throttle@4.1.1)(nanoid@3.3.6)(slate@0.72.8)(snabbdom@3.5.1)
      '@wangeditor/upload-image-module': 1.0.2(@uppy/core@2.3.4)(@uppy/xhr-upload@2.1.3)(@wangeditor/basic-modules@1.1.7)(@wangeditor/core@1.1.19)(dom7@3.0.0)(lodash.foreach@4.5.0)(slate@0.72.8)(snabbdom@3.5.1)
      '@wangeditor/video-module': 1.1.4(@uppy/core@2.3.4)(@uppy/xhr-upload@2.1.3)(@wangeditor/core@1.1.19)(dom7@3.0.0)(nanoid@3.3.6)(slate@0.72.8)(snabbdom@3.5.1)
      dom7: 3.0.0
      is-hotkey: 0.2.0
      lodash.camelcase: 4.3.0
      lodash.clonedeep: 4.5.0
      lodash.debounce: 4.0.8
      lodash.foreach: 4.5.0
      lodash.isequal: 4.5.0
      lodash.throttle: 4.1.1
      lodash.toarray: 4.4.0
      nanoid: 3.3.6
      slate: 0.72.8
      snabbdom: 3.5.1
    dev: false

  /@wangeditor/list-module@1.0.5(@wangeditor/core@1.1.19)(dom7@3.0.0)(slate@0.72.8)(snabbdom@3.5.1):
    resolution: {integrity: sha512-uDuYTP6DVhcYf7mF1pTlmNn5jOb4QtcVhYwSSAkyg09zqxI1qBqsfUnveeDeDqIuptSJhkh81cyxi+MF8sEPOQ==}
    peerDependencies:
      '@wangeditor/core': 1.x
      dom7: ^3.0.0
      slate: ^0.72.0
      snabbdom: ^3.1.0
    dependencies:
      '@wangeditor/core': 1.1.19(@uppy/core@2.3.4)(@uppy/xhr-upload@2.1.3)(dom7@3.0.0)(is-hotkey@0.2.0)(lodash.camelcase@4.3.0)(lodash.clonedeep@4.5.0)(lodash.debounce@4.0.8)(lodash.foreach@4.5.0)(lodash.isequal@4.5.0)(lodash.throttle@4.1.1)(lodash.toarray@4.4.0)(nanoid@3.3.6)(slate@0.72.8)(snabbdom@3.5.1)
      dom7: 3.0.0
      slate: 0.72.8
      snabbdom: 3.5.1
    dev: false

  /@wangeditor/table-module@1.1.4(@wangeditor/core@1.1.19)(dom7@3.0.0)(lodash.isequal@4.5.0)(lodash.throttle@4.1.1)(nanoid@3.3.6)(slate@0.72.8)(snabbdom@3.5.1):
    resolution: {integrity: sha512-5saanU9xuEocxaemGdNi9t8MCDSucnykEC6jtuiT72kt+/Hhh4nERYx1J20OPsTCCdVr7hIyQenFD1iSRkIQ6w==}
    peerDependencies:
      '@wangeditor/core': 1.x
      dom7: ^3.0.0
      lodash.isequal: ^4.5.0
      lodash.throttle: ^4.1.1
      nanoid: ^3.2.0
      slate: ^0.72.0
      snabbdom: ^3.1.0
    dependencies:
      '@wangeditor/core': 1.1.19(@uppy/core@2.3.4)(@uppy/xhr-upload@2.1.3)(dom7@3.0.0)(is-hotkey@0.2.0)(lodash.camelcase@4.3.0)(lodash.clonedeep@4.5.0)(lodash.debounce@4.0.8)(lodash.foreach@4.5.0)(lodash.isequal@4.5.0)(lodash.throttle@4.1.1)(lodash.toarray@4.4.0)(nanoid@3.3.6)(slate@0.72.8)(snabbdom@3.5.1)
      dom7: 3.0.0
      lodash.isequal: 4.5.0
      lodash.throttle: 4.1.1
      nanoid: 3.3.6
      slate: 0.72.8
      snabbdom: 3.5.1
    dev: false

  /@wangeditor/upload-image-module@1.0.2(@uppy/core@2.3.4)(@uppy/xhr-upload@2.1.3)(@wangeditor/basic-modules@1.1.7)(@wangeditor/core@1.1.19)(dom7@3.0.0)(lodash.foreach@4.5.0)(slate@0.72.8)(snabbdom@3.5.1):
    resolution: {integrity: sha512-z81lk/v71OwPDYeQDxj6cVr81aDP90aFuywb8nPD6eQeECtOymrqRODjpO6VGvCVxVck8nUxBHtbxKtjgcwyiA==}
    peerDependencies:
      '@uppy/core': ^2.0.3
      '@uppy/xhr-upload': ^2.0.3
      '@wangeditor/basic-modules': 1.x
      '@wangeditor/core': 1.x
      dom7: ^3.0.0
      lodash.foreach: ^4.5.0
      slate: ^0.72.0
      snabbdom: ^3.1.0
    dependencies:
      '@uppy/core': 2.3.4
      '@uppy/xhr-upload': 2.1.3(@uppy/core@2.3.4)
      '@wangeditor/basic-modules': 1.1.7(@wangeditor/core@1.1.19)(dom7@3.0.0)(lodash.throttle@4.1.1)(nanoid@3.3.6)(slate@0.72.8)(snabbdom@3.5.1)
      '@wangeditor/core': 1.1.19(@uppy/core@2.3.4)(@uppy/xhr-upload@2.1.3)(dom7@3.0.0)(is-hotkey@0.2.0)(lodash.camelcase@4.3.0)(lodash.clonedeep@4.5.0)(lodash.debounce@4.0.8)(lodash.foreach@4.5.0)(lodash.isequal@4.5.0)(lodash.throttle@4.1.1)(lodash.toarray@4.4.0)(nanoid@3.3.6)(slate@0.72.8)(snabbdom@3.5.1)
      dom7: 3.0.0
      lodash.foreach: 4.5.0
      slate: 0.72.8
      snabbdom: 3.5.1
    dev: false

  /@wangeditor/video-module@1.1.4(@uppy/core@2.3.4)(@uppy/xhr-upload@2.1.3)(@wangeditor/core@1.1.19)(dom7@3.0.0)(nanoid@3.3.6)(slate@0.72.8)(snabbdom@3.5.1):
    resolution: {integrity: sha512-ZdodDPqKQrgx3IwWu4ZiQmXI8EXZ3hm2/fM6E3t5dB8tCaIGWQZhmqd6P5knfkRAd3z2+YRSRbxOGfoRSp/rLg==}
    peerDependencies:
      '@uppy/core': ^2.1.4
      '@uppy/xhr-upload': ^2.0.7
      '@wangeditor/core': 1.x
      dom7: ^3.0.0
      nanoid: ^3.2.0
      slate: ^0.72.0
      snabbdom: ^3.1.0
    dependencies:
      '@uppy/core': 2.3.4
      '@uppy/xhr-upload': 2.1.3(@uppy/core@2.3.4)
      '@wangeditor/core': 1.1.19(@uppy/core@2.3.4)(@uppy/xhr-upload@2.1.3)(dom7@3.0.0)(is-hotkey@0.2.0)(lodash.camelcase@4.3.0)(lodash.clonedeep@4.5.0)(lodash.debounce@4.0.8)(lodash.foreach@4.5.0)(lodash.isequal@4.5.0)(lodash.throttle@4.1.1)(lodash.toarray@4.4.0)(nanoid@3.3.6)(slate@0.72.8)(snabbdom@3.5.1)
      dom7: 3.0.0
      nanoid: 3.3.6
      slate: 0.72.8
      snabbdom: 3.5.1
    dev: false

  /async-validator@4.2.5:
    resolution: {integrity: sha512-7HhHjtERjqlNbZtqNqy2rckN/SpOOlmDliet+lP7k+eKZEjPk3DgyeU9lIXLdeLz0uBbbVp+9Qdow9wJWgwwfg==}
    dev: false

  /asynckit@0.4.0:
    resolution: {integrity: sha512-Oei9OH4tRh0YqU3GxhX79dM/mwVgvbZJaSNaRk+bshkj0S5cfHcgYakreBjrHwatXKbz+IoIdYLxrKim2MjW0Q==}
    dev: false

  /axios@1.5.0:
    resolution: {integrity: sha512-D4DdjDo5CY50Qms0qGQTTw6Q44jl7zRwY7bthds06pUGfChBCTcQs+N743eFWGEd6pRTMd6A+I87aWyFV5wiZQ==}
    dependencies:
      follow-redirects: 1.15.2
      form-data: 4.0.0
      proxy-from-env: 1.1.0
    transitivePeerDependencies:
      - debug
    dev: false

  /combined-stream@1.0.8:
    resolution: {integrity: sha512-FQN4MRfuJeHf7cBbBMJFXhKSDq+2kAArBlmRBvcvFE5BB1HZKXtSFASDhdlz9zOYwxh8lDdnvmMOe/+5cdoEdg==}
    engines: {node: '>= 0.8'}
    dependencies:
      delayed-stream: 1.0.0
    dev: false

  /compute-scroll-into-view@1.0.20:
    resolution: {integrity: sha512-UCB0ioiyj8CRjtrvaceBLqqhZCVP+1B8+NWQhmdsm0VXOJtobBCf1dBQmebCCo34qZmUwZfIH2MZLqNHazrfjg==}
    dev: false

  /csstype@3.1.2:
    resolution: {integrity: sha512-I7K1Uu0MBPzaFKg4nI5Q7Vs2t+3gWWW648spaF+Rg7pI9ds18Ugn+lvg4SHczUdKlHI5LWBXyqfS8+DufyBsgQ==}

  /d@1.0.1:
    resolution: {integrity: sha512-m62ShEObQ39CfralilEQRjH6oAMtNCV1xJyEx5LpRYUVN+EviphDgUc/F3hnYbADmkiNs67Y+3ylmlG7Lnu+FA==}
    dependencies:
      es5-ext: 0.10.62
      type: 1.2.0
    dev: false

  /dayjs@1.11.9:
    resolution: {integrity: sha512-QvzAURSbQ0pKdIye2txOzNaHmxtUBXerpY0FJsFXUMKbIZeFm5ht1LS/jFsrncjnmtv8HsG0W2g6c0zUjZWmpA==}
    dev: false

  /delayed-stream@1.0.0:
    resolution: {integrity: sha512-ZySD7Nf91aLB0RxL4KGrKHBXl7Eds1DAmEdcoVawXnLD7SDhpNgtuII2aAkg7a7QS41jxPSZ17p4VdGnMHk3MQ==}
    engines: {node: '>=0.4.0'}
    dev: false

  /dom7@3.0.0:
    resolution: {integrity: sha512-oNlcUdHsC4zb7Msx7JN3K0Nro1dzJ48knvBOnDPKJ2GV9wl1i5vydJZUSyOfrkKFDZEud/jBsTk92S/VGSAe/g==}
    dependencies:
      ssr-window: 3.0.0
    dev: false

  /element-plus@2.3.7(vue@3.3.0):
    resolution: {integrity: sha512-h6TxclbaLUJxg/Bv5j/ZKsK+K5yadQliw5+R30HWyE69pXlqXTX24oYx+yw3pA4Dy+lqEDi5501FQ0CORk3OSA==}
    peerDependencies:
      vue: ^3.2.0
    dependencies:
      '@ctrl/tinycolor': 3.6.0
      '@element-plus/icons-vue': 2.1.0(vue@3.3.0)
      '@floating-ui/dom': 1.4.3
      '@popperjs/core': /@sxzz/popperjs-es@2.11.7
      '@types/lodash': 4.14.195
      '@types/lodash-es': 4.17.7
      '@vueuse/core': 9.13.0(vue@3.3.0)
      async-validator: 4.2.5
      dayjs: 1.11.9
      escape-html: 1.0.3
      lodash: 4.17.21
      lodash-es: 4.17.21
      lodash-unified: 1.0.3(@types/lodash-es@4.17.7)(lodash-es@4.17.21)(lodash@4.17.21)
      memoize-one: 6.0.0
      normalize-wheel-es: 1.2.0
      vue: 3.3.0
    transitivePeerDependencies:
      - '@vue/composition-api'
    dev: false

  /es5-ext@0.10.62:
    resolution: {integrity: sha512-BHLqn0klhEpnOKSrzn/Xsz2UIW8j+cGmo9JLzr8BiUapV8hPL9+FliFqjwr9ngW7jWdnxv6eO+/LqyhJVqgrjA==}
    engines: {node: '>=0.10'}
    requiresBuild: true
    dependencies:
      es6-iterator: 2.0.3
      es6-symbol: 3.1.3
      next-tick: 1.1.0
    dev: false

  /es6-iterator@2.0.3:
    resolution: {integrity: sha512-zw4SRzoUkd+cl+ZoE15A9o1oQd920Bb0iOJMQkQhl3jNc03YqVjAhG7scf9C5KWRU/R13Orf588uCC6525o02g==}
    dependencies:
      d: 1.0.1
      es5-ext: 0.10.62
      es6-symbol: 3.1.3
    dev: false

  /es6-symbol@3.1.3:
    resolution: {integrity: sha512-NJ6Yn3FuDinBaBRWl/q5X/s4koRHBrgKAu+yGI6JCBeiu3qrcbJhwT2GeR/EXVfylRk8dpQVJoLEFhK+Mu31NA==}
    dependencies:
      d: 1.0.1
      ext: 1.7.0
    dev: false

  /esbuild@0.17.19:
    resolution: {integrity: sha512-XQ0jAPFkK/u3LcVRcvVHQcTIqD6E2H1fvZMA5dQPSOWb3suUbWbfbRf94pjc0bNzRYLfIrDRQXr7X+LHIm5oHw==}
    engines: {node: '>=12'}
    hasBin: true
    requiresBuild: true
    optionalDependencies:
      '@esbuild/android-arm': 0.17.19
      '@esbuild/android-arm64': 0.17.19
      '@esbuild/android-x64': 0.17.19
      '@esbuild/darwin-arm64': 0.17.19
      '@esbuild/darwin-x64': 0.17.19
      '@esbuild/freebsd-arm64': 0.17.19
      '@esbuild/freebsd-x64': 0.17.19
      '@esbuild/linux-arm': 0.17.19
      '@esbuild/linux-arm64': 0.17.19
      '@esbuild/linux-ia32': 0.17.19
      '@esbuild/linux-loong64': 0.17.19
      '@esbuild/linux-mips64el': 0.17.19
      '@esbuild/linux-ppc64': 0.17.19
      '@esbuild/linux-riscv64': 0.17.19
      '@esbuild/linux-s390x': 0.17.19
      '@esbuild/linux-x64': 0.17.19
      '@esbuild/netbsd-x64': 0.17.19
      '@esbuild/openbsd-x64': 0.17.19
      '@esbuild/sunos-x64': 0.17.19
      '@esbuild/win32-arm64': 0.17.19
      '@esbuild/win32-ia32': 0.17.19
      '@esbuild/win32-x64': 0.17.19
    dev: true

  /escape-html@1.0.3:
    resolution: {integrity: sha512-NiSupZ4OeuGwr68lGIeym/ksIZMJodUGOSCZ/FSnTxcrekbvqrgdUxlJOMpijaKZVjAJrWrGs/6Jy8OMuyj9ow==}
    dev: false

  /estree-walker@2.0.2:
    resolution: {integrity: sha512-Rfkk/Mp/DL7JVje3u18FxFujQlTNR2q6QfMSMB7AvCBx91NGj/ba3kCfza0f6dVDbw7YlRf/nDrn7pQrCCyQ/w==}

  /event-emitter@0.3.5:
    resolution: {integrity: sha512-D9rRn9y7kLPnJ+hMq7S/nhvoKwwvVJahBi2BPmx3bvbsEdK3W9ii8cBSGjP+72/LnM4n6fo3+dkCX5FeTQruXA==}
    dependencies:
      d: 1.0.1
      es5-ext: 0.10.62
    dev: false

  /ext@1.7.0:
    resolution: {integrity: sha512-6hxeJYaL110a9b5TEJSj0gojyHQAmA2ch5Os+ySCiA1QGdS697XWY1pzsrSjqA9LDEEgdB/KypIlR59RcLuHYw==}
    dependencies:
      type: 2.7.2
    dev: false

  /follow-redirects@1.15.2:
    resolution: {integrity: sha512-VQLG33o04KaQ8uYi2tVNbdrWp1QWxNNea+nmIB4EVM28v0hmP17z7aG1+wAkNzVq4KeXTq3221ye5qTJP91JwA==}
    engines: {node: '>=4.0'}
    peerDependencies:
      debug: '*'
    peerDependenciesMeta:
      debug:
        optional: true
    dev: false

  /form-data@4.0.0:
    resolution: {integrity: sha512-ETEklSGi5t0QMZuiXoA/Q6vcnxcLQP5vdugSpuAyi6SVGi2clPPp+xgEhuMaHC+zGgn31Kd235W35f7Hykkaww==}
    engines: {node: '>= 6'}
    dependencies:
      asynckit: 0.4.0
      combined-stream: 1.0.8
      mime-types: 2.1.35
    dev: false

  /fsevents@2.3.2:
    resolution: {integrity: sha512-xiqMQR4xAeHTuB9uWm+fFRcIOgKBMiOBP+eXiyT7jsgVCq1bkVygt00oASowB7EdtpOHaaPgKt812P9ab+DDKA==}
    engines: {node: ^8.16.0 || ^10.6.0 || >=11.0.0}
    os: [darwin]
    requiresBuild: true
    dev: true
    optional: true

  /html-void-elements@2.0.1:
    resolution: {integrity: sha512-0quDb7s97CfemeJAnW9wC0hw78MtW7NU3hqtCD75g2vFlDLt36llsYD7uB7SUzojLMP24N5IatXf7ylGXiGG9A==}
    dev: false

  /i18next@20.6.1:
    resolution: {integrity: sha512-yCMYTMEJ9ihCwEQQ3phLo7I/Pwycf8uAx+sRHwwk5U9Aui/IZYgQRyMqXafQOw5QQ7DM1Z+WyEXWIqSuJHhG2A==}
    dependencies:
      '@babel/runtime': 7.22.6
    dev: false

  /immer@9.0.21:
    resolution: {integrity: sha512-bc4NBHqOqSfRW7POMkHd51LvClaeMXpm8dx0e8oE2GORbq5aRK7Bxl4FyzVLdGtLmvLKL7BTDBG5ACQm4HWjTA==}
    dev: false

  /inherits@2.0.3:
    resolution: {integrity: sha512-x00IRNXNy63jwGkJmzPigoySHbaqpNuzKbBOmzK+g2OdZpQ9w+sxCN+VSB3ja7IAge2OP2qpfxTjeNcyjmW1uw==}
    dev: true

  /is-hotkey@0.2.0:
    resolution: {integrity: sha512-UknnZK4RakDmTgz4PI1wIph5yxSs/mvChWs9ifnlXsKuXgWmOkY/hAE0H/k2MIqH0RlRye0i1oC07MCRSD28Mw==}
    dev: false

  /is-plain-object@5.0.0:
    resolution: {integrity: sha512-VRSzKkbMm5jMDoKLbltAkFQ5Qr7VDiTFGXxYFXXowVj387GeGNOCsOH6Msy00SGZ3Fp84b1Naa1psqgcCIEP5Q==}
    engines: {node: '>=0.10.0'}
    dev: false

  /is-url@1.2.4:
    resolution: {integrity: sha512-ITvGim8FhRiYe4IQ5uHSkj7pVaPDrCTkNd3yq3cV7iZAcJdHTUMPMEHcqSOy9xZ9qFenQCvi+2wjH9a1nXqHww==}
    dev: false

  /lodash-es@4.17.21:
    resolution: {integrity: sha512-mKnC+QJ9pWVzv+C4/U3rRsHapFfHvQFoFB92e52xeyGMcX6/OlIl78je1u8vePzYZSkkogMPJ2yjxxsb89cxyw==}
    dev: false

  /lodash-unified@1.0.3(@types/lodash-es@4.17.7)(lodash-es@4.17.21)(lodash@4.17.21):
    resolution: {integrity: sha512-WK9qSozxXOD7ZJQlpSqOT+om2ZfcT4yO+03FuzAHD0wF6S0l0090LRPDx3vhTTLZ8cFKpBn+IOcVXK6qOcIlfQ==}
    peerDependencies:
      '@types/lodash-es': '*'
      lodash: '*'
      lodash-es: '*'
    dependencies:
      '@types/lodash-es': 4.17.7
      lodash: 4.17.21
      lodash-es: 4.17.21
    dev: false

  /lodash.camelcase@4.3.0:
    resolution: {integrity: sha512-TwuEnCnxbc3rAvhf/LbG7tJUDzhqXyFnv3dtzLOPgCG/hODL7WFnsbwktkD7yUV0RrreP/l1PALq/YSg6VvjlA==}
    dev: false

  /lodash.clonedeep@4.5.0:
    resolution: {integrity: sha512-H5ZhCF25riFd9uB5UCkVKo61m3S/xZk1x4wA6yp/L3RFP6Z/eHH1ymQcGLo7J3GMPfm0V/7m1tryHuGVxpqEBQ==}
    dev: false

  /lodash.debounce@4.0.8:
    resolution: {integrity: sha512-FT1yDzDYEoYWhnSGnpE/4Kj1fLZkDFyqRb7fNt6FdYOSxlUWAtp42Eh6Wb0rGIv/m9Bgo7x4GhQbm5Ys4SG5ow==}
    dev: false

  /lodash.foreach@4.5.0:
    resolution: {integrity: sha512-aEXTF4d+m05rVOAUG3z4vZZ4xVexLKZGF0lIxuHZ1Hplpk/3B6Z1+/ICICYRLm7c41Z2xiejbkCkJoTlypoXhQ==}
    dev: false

  /lodash.isequal@4.5.0:
    resolution: {integrity: sha512-pDo3lu8Jhfjqls6GkMgpahsF9kCyayhgykjyLMNFTKWrpVdAQtYyB4muAMWozBB4ig/dtWAmsMxLEI8wuz+DYQ==}
    dev: false

  /lodash.throttle@4.1.1:
    resolution: {integrity: sha512-wIkUCfVKpVsWo3JSZlc+8MB5it+2AN5W8J7YVMST30UrvcQNZ1Okbj+rbVniijTWE6FGYy4XJq/rHkas8qJMLQ==}
    dev: false

  /lodash.toarray@4.4.0:
    resolution: {integrity: sha512-QyffEA3i5dma5q2490+SgCvDN0pXLmRGSyAANuVi0HQ01Pkfr9fuoKQW8wm1wGBnJITs/mS7wQvS6VshUEBFCw==}
    dev: false

  /lodash@4.17.21:
    resolution: {integrity: sha512-v2kDEe57lecTulaDIuNTPy3Ry4gLGJ6Z1O3vE1krgXZNrsQ+LFTGHVxVjcXPs17LhbZVGedAJv8XZ1tvj5FvSg==}
    dev: false

  /magic-string@0.30.0:
    resolution: {integrity: sha512-LA+31JYDJLs82r2ScLrlz1GjSgu66ZV518eyWT+S8VhyQn/JL0u9MeBOvQMGYiPk1DBiSN9DDMOcXvigJZaViQ==}
    engines: {node: '>=12'}
    dependencies:
      '@jridgewell/sourcemap-codec': 1.4.15

  /memoize-one@6.0.0:
    resolution: {integrity: sha512-rkpe71W0N0c0Xz6QD0eJETuWAJGnJ9afsl1srmwPrI+yBCkge5EycXXbYRyvL29zZVUWQCY7InPRCv3GDXuZNw==}
    dev: false

  /mime-db@1.52.0:
    resolution: {integrity: sha512-sPU4uV7dYlvtWJxwwxHD0PuihVNiE7TyAbQ5SWxDCB9mUYvOgroQOwYQQOKPJ8CIbE+1ETVlOoK1UC2nU3gYvg==}
    engines: {node: '>= 0.6'}
    dev: false

  /mime-match@1.0.2:
    resolution: {integrity: sha512-VXp/ugGDVh3eCLOBCiHZMYWQaTNUHv2IJrut+yXA6+JbLPXHglHwfS/5A5L0ll+jkCY7fIzRJcH6OIunF+c6Cg==}
    dependencies:
      wildcard: 1.1.2
    dev: false

  /mime-types@2.1.35:
    resolution: {integrity: sha512-ZDY+bPm5zTTF+YpCrAU9nK0UgICYPT0QtT1NZWFv4s++TNkcgVaT0g6+4R2uI4MjQjzysHB1zxuWL50hzaeXiw==}
    engines: {node: '>= 0.6'}
    dependencies:
      mime-db: 1.52.0
    dev: false

  /namespace-emitter@2.0.1:
    resolution: {integrity: sha512-N/sMKHniSDJBjfrkbS/tpkPj4RAbvW3mr8UAzvlMHyun93XEm83IAvhWtJVHo+RHn/oO8Job5YN4b+wRjSVp5g==}
    dev: false

  /nanoid@3.3.6:
    resolution: {integrity: sha512-BGcqMMJuToF7i1rt+2PWSNVnWIkGCU78jBG3RxO/bZlnZPK2Cmi2QaffxGO/2RvWi9sL+FAiRiXMgsyxQ1DIDA==}
    engines: {node: ^10 || ^12 || ^13.7 || ^14 || >=15.0.1}
    hasBin: true

  /next-tick@1.1.0:
    resolution: {integrity: sha512-CXdUiJembsNjuToQvxayPZF9Vqht7hewsvy2sOWafLvi2awflj9mOC6bHIg50orX8IJvWKY9wYQ/zB2kogPslQ==}
    dev: false

  /normalize-wheel-es@1.2.0:
    resolution: {integrity: sha512-Wj7+EJQ8mSuXr2iWfnujrimU35R2W4FAErEyTmJoJ7ucwTn2hOUSsRehMb5RSYkxXGTM7Y9QpvPmp++w5ftoJw==}
    dev: false

  /path@0.12.7:
    resolution: {integrity: sha512-aXXC6s+1w7otVF9UletFkFcDsJeO7lSZBPUQhtb5O0xJe8LtYhj/GxldoL09bBj9+ZmE2hNoHqQSFMN5fikh4Q==}
    dependencies:
      process: 0.11.10
      util: 0.10.4
    dev: true

  /picocolors@1.0.0:
    resolution: {integrity: sha512-1fygroTLlHu66zi26VoTDv8yRgm0Fccecssto+MhsZ0D/DGW2sm8E8AjW7NU5VVTRt5GxbeZ5qBuJr+HyLYkjQ==}

  /pinia-plugin-persistedstate@3.2.0(pinia@2.1.4):
    resolution: {integrity: sha512-tZbNGf2vjAQcIm7alK40sE51Qu/m9oWr+rEgNm/2AWr1huFxj72CjvpQcIQzMknDBJEkQznCLAGtJTIcLKrKdw==}
    peerDependencies:
      pinia: ^2.0.0
    dependencies:
      pinia: 2.1.4(vue@3.3.0)
    dev: false

  /pinia@2.1.4(vue@3.3.0):
    resolution: {integrity: sha512-vYlnDu+Y/FXxv1ABo1vhjC+IbqvzUdiUC3sfDRrRyY2CQSrqqaa+iiHmqtARFxJVqWQMCJfXx1PBvFs9aJVLXQ==}
    peerDependencies:
      '@vue/composition-api': ^1.4.0
      typescript: '>=4.4.4'
      vue: ^2.6.14 || ^3.3.0
    peerDependenciesMeta:
      '@vue/composition-api':
        optional: true
      typescript:
        optional: true
    dependencies:
      '@vue/devtools-api': 6.5.0
      vue: 3.3.0
      vue-demi: 0.14.5(vue@3.3.0)
    dev: false

  /postcss@8.4.24:
    resolution: {integrity: sha512-M0RzbcI0sO/XJNucsGjvWU9ERWxb/ytp1w6dKtxTKgixdtQDq4rmx/g8W1hnaheq9jgwL/oyEdH5Bc4WwJKMqg==}
    engines: {node: ^10 || ^12 || >=14}
    dependencies:
      nanoid: 3.3.6
      picocolors: 1.0.0
      source-map-js: 1.0.2

  /preact@10.16.0:
    resolution: {integrity: sha512-XTSj3dJ4roKIC93pald6rWuB2qQJO9gO2iLLyTe87MrjQN+HklueLsmskbywEWqCHlclgz3/M4YLL2iBr9UmMA==}
    dev: false

  /prismjs@1.29.0:
    resolution: {integrity: sha512-Kx/1w86q/epKcmte75LNrEoT+lX8pBpavuAbvJWRXar7Hz8jrtF+e3vY751p0R8H9HdArwaCTNDDzHg/ScJK1Q==}
    engines: {node: '>=6'}
    dev: false

  /process@0.11.10:
    resolution: {integrity: sha512-cdGef/drWFoydD1JsMzuFf8100nZl+GT+yacc2bEced5f9Rjk4z+WtFUTBu9PhOi9j/jfmBPu0mMEY4wIdAF8A==}
    engines: {node: '>= 0.6.0'}
    dev: true

  /proxy-from-env@1.1.0:
    resolution: {integrity: sha512-D+zkORCbA9f1tdWRK0RaCR3GPv50cMxcrz4X8k5LTSUD1Dkw47mKJEZQNunItRTkWwgtaUSo1RVFRIG9ZXiFYg==}
    dev: false

  /regenerator-runtime@0.13.11:
    resolution: {integrity: sha512-kY1AZVr2Ra+t+piVaJ4gxaFaReZVH40AKNo7UCX6W+dEwBo/2oZJzqfuN1qLq1oL45o56cPaTXELwrTh8Fpggg==}
    dev: false

  /rollup@3.26.0:
    resolution: {integrity: sha512-YzJH0eunH2hr3knvF3i6IkLO/jTjAEwU4HoMUbQl4//Tnl3ou0e7P5SjxdDr8HQJdeUJShlbEHXrrnEHy1l7Yg==}
    engines: {node: '>=14.18.0', npm: '>=8.0.0'}
    hasBin: true
    optionalDependencies:
      fsevents: 2.3.2
    dev: true

  /scroll-into-view-if-needed@2.2.31:
    resolution: {integrity: sha512-dGCXy99wZQivjmjIqihaBQNjryrz5rueJY7eHfTdyWEiR4ttYpsajb14rn9s5d4DY4EcY6+4+U/maARBXJedkA==}
    dependencies:
      compute-scroll-into-view: 1.0.20
    dev: false

  /slate-history@0.66.0(slate@0.72.8):
    resolution: {integrity: sha512-6MWpxGQZiMvSINlCbMW43E2YBSVMCMCIwQfBzGssjWw4kb0qfvj0pIdblWNRQZD0hR6WHP+dHHgGSeVdMWzfng==}
    peerDependencies:
      slate: '>=0.65.3'
    dependencies:
      is-plain-object: 5.0.0
      slate: 0.72.8
    dev: false

  /slate@0.72.8:
    resolution: {integrity: sha512-/nJwTswQgnRurpK+bGJFH1oM7naD5qDmHd89JyiKNT2oOKD8marW0QSBtuFnwEbL5aGCS8AmrhXQgNOsn4osAw==}
    dependencies:
      immer: 9.0.21
      is-plain-object: 5.0.0
      tiny-warning: 1.0.3
    dev: false

  /snabbdom@3.5.1:
    resolution: {integrity: sha512-wHMNIOjkm/YNE5EM3RCbr/+DVgPg6AqQAX1eOxO46zYNvCXjKP5Y865tqQj3EXnaMBjkxmQA5jFuDpDK/dbfiA==}
    engines: {node: '>=8.3.0'}
    dev: false

  /source-map-js@1.0.2:
    resolution: {integrity: sha512-R0XvVJ9WusLiqTCEiGCmICCMplcCkIwwR11mOSD9CR5u+IXYdiseeEuXCVAjS54zqwkLcPNnmU4OeJ6tUrWhDw==}
    engines: {node: '>=0.10.0'}

  /ssr-window@3.0.0:
    resolution: {integrity: sha512-q+8UfWDg9Itrg0yWK7oe5p/XRCJpJF9OBtXfOPgSJl+u3Xd5KI328RUEvUqSMVM9CiQUEf1QdBzJMkYGErj9QA==}
    dev: false

  /tiny-warning@1.0.3:
    resolution: {integrity: sha512-lBN9zLN/oAf68o3zNXYrdCt1kP8WsiGW8Oo2ka41b2IM5JL/S1CTyX1rW0mb/zSuJun0ZUrDxx4sqvYS2FWzPA==}
    dev: false

  /to-fast-properties@2.0.0:
    resolution: {integrity: sha512-/OaKK0xYrs3DmxRYqL/yDc+FxFUVYhDlXMhRmv3z915w2HF1tnN1omB354j8VUGO/hbRzyD6Y3sA7v7GS/ceog==}
    engines: {node: '>=4'}

  /type@1.2.0:
    resolution: {integrity: sha512-+5nt5AAniqsCnu2cEQQdpzCAh33kVx8n0VoFidKpB1dVVLAN/F+bgVOqOJqOnEnrhp222clB5p3vUlD+1QAnfg==}
    dev: false

  /type@2.7.2:
    resolution: {integrity: sha512-dzlvlNlt6AXU7EBSfpAscydQ7gXB+pPGsPnfJnZpiNJBDj7IaJzQlBZYGdEi4R9HmPdBv2XmWJ6YUtoTa7lmCw==}
    dev: false

  /util@0.10.4:
    resolution: {integrity: sha512-0Pm9hTQ3se5ll1XihRic3FDIku70C+iHUdT/W926rSgHV5QgXsYbKZN8MSC3tJtSkhuROzvsQjAaFENRXr+19A==}
    dependencies:
      inherits: 2.0.3
    dev: true

  /vite@4.3.9:
    resolution: {integrity: sha512-qsTNZjO9NoJNW7KnOrgYwczm0WctJ8m/yqYAMAK9Lxt4SoySUfS5S8ia9K7JHpa3KEeMfyF8LoJ3c5NeBJy6pg==}
    engines: {node: ^14.18.0 || >=16.0.0}
    hasBin: true
    peerDependencies:
      '@types/node': '>= 14'
      less: '*'
      sass: '*'
      stylus: '*'
      sugarss: '*'
      terser: ^5.4.0
    peerDependenciesMeta:
      '@types/node':
        optional: true
      less:
        optional: true
      sass:
        optional: true
      stylus:
        optional: true
      sugarss:
        optional: true
      terser:
        optional: true
    dependencies:
      esbuild: 0.17.19
      postcss: 8.4.24
      rollup: 3.26.0
    optionalDependencies:
      fsevents: 2.3.2
    dev: true

  /vue-demi@0.14.5(vue@3.3.0):
    resolution: {integrity: sha512-o9NUVpl/YlsGJ7t+xuqJKx8EBGf1quRhCiT6D/J0pfwmk9zUwYkC7yrF4SZCe6fETvSM3UNL2edcbYrSyc4QHA==}
    engines: {node: '>=12'}
    hasBin: true
    requiresBuild: true
    peerDependencies:
      '@vue/composition-api': ^1.0.0-rc.1
      vue: ^3.0.0-0 || ^2.6.0
    peerDependenciesMeta:
      '@vue/composition-api':
        optional: true
    dependencies:
      vue: 3.3.0
    dev: false

  /vue-router@4.2.2(vue@3.3.0):
    resolution: {integrity: sha512-cChBPPmAflgBGmy3tBsjeoe3f3VOSG6naKyY5pjtrqLGbNEXdzCigFUHgBvp9e3ysAtFtEx7OLqcSDh/1Cq2TQ==}
    peerDependencies:
      vue: ^3.2.0
    dependencies:
      '@vue/devtools-api': 6.5.0
      vue: 3.3.0
    dev: false

  /vue@3.3.0:
    resolution: {integrity: sha512-cyyuVeFKvQy5eGIwN7VQlNKFu09DQSyTtunzpURRjPJwl6B2T7zo41oE1Nr/nacCsZVpnkE6FlWN0YfbY2SB2w==}
    dependencies:
      '@vue/compiler-dom': 3.3.0
      '@vue/compiler-sfc': 3.3.0
      '@vue/runtime-dom': 3.3.0
      '@vue/server-renderer': 3.3.0(vue@3.3.0)
      '@vue/shared': 3.3.0

  /wildcard@1.1.2:
    resolution: {integrity: sha512-DXukZJxpHA8LuotRwL0pP1+rS6CS7FF2qStDDE1C7DDg2rLud2PXRMuEDYIPhgEezwnlHNL4c+N6MfMTjCGTng==}
    dev: false
